// !$*UTF8*$!
{
	archiveVersion = 1;
	classes = {
	};
	objectVersion = 51;
	objects = {

/* Begin PBXBuildFile section */
		1970CC39186745CD2D1427CB /* Pods_mentorz_clone_test.framework in Frameworks */ = {isa = PBXBuildFile; fileRef = 52AA06192B8E060DC1D44C0D /* Pods_mentorz_clone_test.framework */; };
		70137A6625E7D31B008F6DF7 /* PhoneNumber.swift in Sources */ = {isa = PBXBuildFile; fileRef = 70137A6525E7D31B008F6DF7 /* PhoneNumber.swift */; };
		70137A6925E7D32A008F6DF7 /* UserDetails.swift in Sources */ = {isa = PBXBuildFile; fileRef = 70137A6825E7D32A008F6DF7 /* UserDetails.swift */; };
		70137A8625E8064C008F6DF7 /* MessageAlert.swift in Sources */ = {isa = PBXBuildFile; fileRef = 70137A8525E8064C008F6DF7 /* MessageAlert.swift */; };
		70137A8925E81CAF008F6DF7 /* Extras.storyboard in Resources */ = {isa = PBXBuildFile; fileRef = 70137A8825E81CAF008F6DF7 /* Extras.storyboard */; };
		702AC49025E168CF004B21B9 /* Assets.xcassets in Resources */ = {isa = PBXBuildFile; fileRef = 702AC48F25E168CF004B21B9 /* Assets.xcassets */; };
		702AC49325E17F7A004B21B9 /* ButtonView.swift in Sources */ = {isa = PBXBuildFile; fileRef = 702AC49225E17F7A004B21B9 /* ButtonView.swift */; };
		702AC49725E18ABC004B21B9 /* UIView+Borders.swift in Sources */ = {isa = PBXBuildFile; fileRef = 702AC49625E18ABC004B21B9 /* UIView+Borders.swift */; };
		702AC4A625E19A18004B21B9 /* UILabel+Text.swift in Sources */ = {isa = PBXBuildFile; fileRef = 702AC4A525E19A18004B21B9 /* UILabel+Text.swift */; };
		702AC4A925E19A54004B21B9 /* UIButton+Tittle.swift in Sources */ = {isa = PBXBuildFile; fileRef = 702AC4A825E19A54004B21B9 /* UIButton+Tittle.swift */; };
		702AC4AC25E19FD5004B21B9 /* BottomSwitchButton.swift in Sources */ = {isa = PBXBuildFile; fileRef = 702AC4AB25E19FD5004B21B9 /* BottomSwitchButton.swift */; };
		702AC4AF25E19FF3004B21B9 /* BottomSwitchLabel.swift in Sources */ = {isa = PBXBuildFile; fileRef = 702AC4AE25E19FF3004B21B9 /* BottomSwitchLabel.swift */; };
		702AC4B225E1A00A004B21B9 /* BottomLinkLabel.swift in Sources */ = {isa = PBXBuildFile; fileRef = 702AC4B125E1A00A004B21B9 /* BottomLinkLabel.swift */; };
		702AC4B525E1A01E004B21B9 /* BottomLinkButton.swift in Sources */ = {isa = PBXBuildFile; fileRef = 702AC4B425E1A01E004B21B9 /* BottomLinkButton.swift */; };
		7042639A25E122EB007BD4F4 /* AppDelegate.swift in Sources */ = {isa = PBXBuildFile; fileRef = 7042639925E122EB007BD4F4 /* AppDelegate.swift */; };
		7042639C25E122EB007BD4F4 /* SceneDelegate.swift in Sources */ = {isa = PBXBuildFile; fileRef = 7042639B25E122EB007BD4F4 /* SceneDelegate.swift */; };
		7042639E25E122EB007BD4F4 /* SplashViewController.swift in Sources */ = {isa = PBXBuildFile; fileRef = 7042639D25E122EB007BD4F4 /* SplashViewController.swift */; };
		704263A125E122EB007BD4F4 /* Main.storyboard in Resources */ = {isa = PBXBuildFile; fileRef = 7042639F25E122EB007BD4F4 /* Main.storyboard */; };
		704263A625E122EC007BD4F4 /* LaunchScreen.storyboard in Resources */ = {isa = PBXBuildFile; fileRef = 704263A425E122EC007BD4F4 /* LaunchScreen.storyboard */; };
		70635D5525E3772B002A723A /* TopLabelCollectionCell.swift in Sources */ = {isa = PBXBuildFile; fileRef = 70635D5325E3772B002A723A /* TopLabelCollectionCell.swift */; };
		70635D5625E3772B002A723A /* TopLabelCollectionCell.xib in Resources */ = {isa = PBXBuildFile; fileRef = 70635D5425E3772B002A723A /* TopLabelCollectionCell.xib */; };
		70635D5A25E37747002A723A /* BottomLabelCollectionCell.swift in Sources */ = {isa = PBXBuildFile; fileRef = 70635D5825E37747002A723A /* BottomLabelCollectionCell.swift */; };
		70635D5B25E37747002A723A /* BottomLabelCollectionCell.xib in Resources */ = {isa = PBXBuildFile; fileRef = 70635D5925E37747002A723A /* BottomLabelCollectionCell.xib */; };
		70635D9325E3D5C3002A723A /* LoginPageVC.swift in Sources */ = {isa = PBXBuildFile; fileRef = 70635D9225E3D5C3002A723A /* LoginPageVC.swift */; };
		70635D9625E3D5D6002A723A /* SignupPageVC.swift in Sources */ = {isa = PBXBuildFile; fileRef = 70635D9525E3D5D6002A723A /* SignupPageVC.swift */; };
		70635D9925E3E07F002A723A /* loginSignupLogo.swift in Sources */ = {isa = PBXBuildFile; fileRef = 70635D9825E3E07F002A723A /* loginSignupLogo.swift */; };
		706879B425E4DF7A00A77AEA /* ForgotPasswordVC.swift in Sources */ = {isa = PBXBuildFile; fileRef = 706879B325E4DF7A00A77AEA /* ForgotPasswordVC.swift */; };
		706879B725E50D4000A77AEA /* BackButton.swift in Sources */ = {isa = PBXBuildFile; fileRef = 706879B625E50D4000A77AEA /* BackButton.swift */; };
		706879BA25E56FE300A77AEA /* SideBarMenuVC.swift in Sources */ = {isa = PBXBuildFile; fileRef = 706879B925E56FE300A77AEA /* SideBarMenuVC.swift */; };
		706879BD25E57B4600A77AEA /* SideBarVC.swift in Sources */ = {isa = PBXBuildFile; fileRef = 706879BC25E57B4600A77AEA /* SideBarVC.swift */; };
		706879C025E57BCB00A77AEA /* RootTabBarVC.swift in Sources */ = {isa = PBXBuildFile; fileRef = 706879BF25E57BCB00A77AEA /* RootTabBarVC.swift */; };
		706879C325E57BFA00A77AEA /* HomeVC.swift in Sources */ = {isa = PBXBuildFile; fileRef = 706879C225E57BFA00A77AEA /* HomeVC.swift */; };
		706879C625E57C0F00A77AEA /* MatchVC.swift in Sources */ = {isa = PBXBuildFile; fileRef = 706879C525E57C0F00A77AEA /* MatchVC.swift */; };
		706879C925E57C2100A77AEA /* MessagesVC.swift in Sources */ = {isa = PBXBuildFile; fileRef = 706879C825E57C2100A77AEA /* MessagesVC.swift */; };
		706879CC25E57C3600A77AEA /* ProfileVC.swift in Sources */ = {isa = PBXBuildFile; fileRef = 706879CB25E57C3600A77AEA /* ProfileVC.swift */; };
		7075825525E62DCB00F36F60 /* UserAccountAPI.swift in Sources */ = {isa = PBXBuildFile; fileRef = 7075825425E62DCB00F36F60 /* UserAccountAPI.swift */; };
		7075825925E63D1500F36F60 /* LoginRequest.swift in Sources */ = {isa = PBXBuildFile; fileRef = 7075825825E63D1500F36F60 /* LoginRequest.swift */; };
		7075825C25E63D7C00F36F60 /* LoginResponse.swift in Sources */ = {isa = PBXBuildFile; fileRef = 7075825B25E63D7C00F36F60 /* LoginResponse.swift */; };
		707F2F3425E2B52A0020E026 /* HeadLabel.swift in Sources */ = {isa = PBXBuildFile; fileRef = 707F2F3325E2B52A0020E026 /* HeadLabel.swift */; };
		70AC07E125E4255B00B6C6DD /* LoginSignupTextField.swift in Sources */ = {isa = PBXBuildFile; fileRef = 70AC07E025E4255B00B6C6DD /* LoginSignupTextField.swift */; };
		70AFF00A25E902BE0043CAFD /* ActivityIndicator.swift in Sources */ = {isa = PBXBuildFile; fileRef = 70AFF00925E902BE0043CAFD /* ActivityIndicator.swift */; };
		70C398E025E763C400BE0BB3 /* LoginPageVM.swift in Sources */ = {isa = PBXBuildFile; fileRef = 70C398DF25E763C400BE0BB3 /* LoginPageVM.swift */; };
		70C398E325E7648D00BE0BB3 /* SocialLoginButton.swift in Sources */ = {isa = PBXBuildFile; fileRef = 70C398E225E7648D00BE0BB3 /* SocialLoginButton.swift */; };
		70C398E925E77DBA00BE0BB3 /* LoginRestManager.swift in Sources */ = {isa = PBXBuildFile; fileRef = 70C398E825E77DBA00BE0BB3 /* LoginRestManager.swift */; };
		70C398FC25E77F3600BE0BB3 /* APIError.swift in Sources */ = {isa = PBXBuildFile; fileRef = 70C398EE25E77F3600BE0BB3 /* APIError.swift */; };
/* End PBXBuildFile section */

/* Begin PBXFileReference section */
		45E21E89A9234DE2E08732AE /* Pods-mentorz-clone-test.debug.xcconfig */ = {isa = PBXFileReference; includeInIndex = 1; lastKnownFileType = text.xcconfig; name = "Pods-mentorz-clone-test.debug.xcconfig"; path = "Target Support Files/Pods-mentorz-clone-test/Pods-mentorz-clone-test.debug.xcconfig"; sourceTree = "<group>"; };
		52AA06192B8E060DC1D44C0D /* Pods_mentorz_clone_test.framework */ = {isa = PBXFileReference; explicitFileType = wrapper.framework; includeInIndex = 0; path = Pods_mentorz_clone_test.framework; sourceTree = BUILT_PRODUCTS_DIR; };
		70137A6525E7D31B008F6DF7 /* PhoneNumber.swift */ = {isa = PBXFileReference; lastKnownFileType = sourcecode.swift; path = PhoneNumber.swift; sourceTree = "<group>"; };
		70137A6825E7D32A008F6DF7 /* UserDetails.swift */ = {isa = PBXFileReference; lastKnownFileType = sourcecode.swift; path = UserDetails.swift; sourceTree = "<group>"; };
		70137A8525E8064C008F6DF7 /* MessageAlert.swift */ = {isa = PBXFileReference; lastKnownFileType = sourcecode.swift; path = MessageAlert.swift; sourceTree = "<group>"; };
		70137A8825E81CAF008F6DF7 /* Extras.storyboard */ = {isa = PBXFileReference; lastKnownFileType = file.storyboard; path = Extras.storyboard; sourceTree = "<group>"; };
		702AC48F25E168CF004B21B9 /* Assets.xcassets */ = {isa = PBXFileReference; lastKnownFileType = folder.assetcatalog; path = Assets.xcassets; sourceTree = "<group>"; };
		702AC49225E17F7A004B21B9 /* ButtonView.swift */ = {isa = PBXFileReference; lastKnownFileType = sourcecode.swift; path = ButtonView.swift; sourceTree = "<group>"; };
		702AC49625E18ABC004B21B9 /* UIView+Borders.swift */ = {isa = PBXFileReference; lastKnownFileType = sourcecode.swift; path = "UIView+Borders.swift"; sourceTree = "<group>"; };
		702AC4A525E19A18004B21B9 /* UILabel+Text.swift */ = {isa = PBXFileReference; lastKnownFileType = sourcecode.swift; path = "UILabel+Text.swift"; sourceTree = "<group>"; };
		702AC4A825E19A54004B21B9 /* UIButton+Tittle.swift */ = {isa = PBXFileReference; lastKnownFileType = sourcecode.swift; path = "UIButton+Tittle.swift"; sourceTree = "<group>"; };
		702AC4AB25E19FD5004B21B9 /* BottomSwitchButton.swift */ = {isa = PBXFileReference; lastKnownFileType = sourcecode.swift; path = BottomSwitchButton.swift; sourceTree = "<group>"; };
		702AC4AE25E19FF3004B21B9 /* BottomSwitchLabel.swift */ = {isa = PBXFileReference; lastKnownFileType = sourcecode.swift; path = BottomSwitchLabel.swift; sourceTree = "<group>"; };
		702AC4B125E1A00A004B21B9 /* BottomLinkLabel.swift */ = {isa = PBXFileReference; lastKnownFileType = sourcecode.swift; path = BottomLinkLabel.swift; sourceTree = "<group>"; };
		702AC4B425E1A01E004B21B9 /* BottomLinkButton.swift */ = {isa = PBXFileReference; lastKnownFileType = sourcecode.swift; path = BottomLinkButton.swift; sourceTree = "<group>"; };
		7042639625E122EB007BD4F4 /* mentorz-clone-test.app */ = {isa = PBXFileReference; explicitFileType = wrapper.application; includeInIndex = 0; path = "mentorz-clone-test.app"; sourceTree = BUILT_PRODUCTS_DIR; };
		7042639925E122EB007BD4F4 /* AppDelegate.swift */ = {isa = PBXFileReference; lastKnownFileType = sourcecode.swift; path = AppDelegate.swift; sourceTree = "<group>"; };
		7042639B25E122EB007BD4F4 /* SceneDelegate.swift */ = {isa = PBXFileReference; lastKnownFileType = sourcecode.swift; path = SceneDelegate.swift; sourceTree = "<group>"; };
		7042639D25E122EB007BD4F4 /* SplashViewController.swift */ = {isa = PBXFileReference; lastKnownFileType = sourcecode.swift; path = SplashViewController.swift; sourceTree = "<group>"; };
		704263A025E122EB007BD4F4 /* Base */ = {isa = PBXFileReference; lastKnownFileType = file.storyboard; name = Base; path = Base.lproj/Main.storyboard; sourceTree = "<group>"; };
		704263A525E122EC007BD4F4 /* Base */ = {isa = PBXFileReference; lastKnownFileType = file.storyboard; name = Base; path = Base.lproj/LaunchScreen.storyboard; sourceTree = "<group>"; };
		704263A725E122EC007BD4F4 /* Info.plist */ = {isa = PBXFileReference; lastKnownFileType = text.plist.xml; path = Info.plist; sourceTree = "<group>"; };
		704263AE25E12307007BD4F4 /* mentorz-clone-test.entitlements */ = {isa = PBXFileReference; lastKnownFileType = text.plist.entitlements; path = "mentorz-clone-test.entitlements"; sourceTree = "<group>"; };
		70635D5325E3772B002A723A /* TopLabelCollectionCell.swift */ = {isa = PBXFileReference; lastKnownFileType = sourcecode.swift; path = TopLabelCollectionCell.swift; sourceTree = "<group>"; };
		70635D5425E3772B002A723A /* TopLabelCollectionCell.xib */ = {isa = PBXFileReference; lastKnownFileType = file.xib; path = TopLabelCollectionCell.xib; sourceTree = "<group>"; };
		70635D5825E37747002A723A /* BottomLabelCollectionCell.swift */ = {isa = PBXFileReference; lastKnownFileType = sourcecode.swift; path = BottomLabelCollectionCell.swift; sourceTree = "<group>"; };
		70635D5925E37747002A723A /* BottomLabelCollectionCell.xib */ = {isa = PBXFileReference; lastKnownFileType = file.xib; path = BottomLabelCollectionCell.xib; sourceTree = "<group>"; };
		70635D9225E3D5C3002A723A /* LoginPageVC.swift */ = {isa = PBXFileReference; lastKnownFileType = sourcecode.swift; path = LoginPageVC.swift; sourceTree = "<group>"; };
		70635D9525E3D5D6002A723A /* SignupPageVC.swift */ = {isa = PBXFileReference; lastKnownFileType = sourcecode.swift; path = SignupPageVC.swift; sourceTree = "<group>"; };
		70635D9825E3E07F002A723A /* loginSignupLogo.swift */ = {isa = PBXFileReference; lastKnownFileType = sourcecode.swift; path = loginSignupLogo.swift; sourceTree = "<group>"; };
		706879B325E4DF7A00A77AEA /* ForgotPasswordVC.swift */ = {isa = PBXFileReference; lastKnownFileType = sourcecode.swift; path = ForgotPasswordVC.swift; sourceTree = "<group>"; };
		706879B625E50D4000A77AEA /* BackButton.swift */ = {isa = PBXFileReference; lastKnownFileType = sourcecode.swift; path = BackButton.swift; sourceTree = "<group>"; };
		706879B925E56FE300A77AEA /* SideBarMenuVC.swift */ = {isa = PBXFileReference; lastKnownFileType = sourcecode.swift; path = SideBarMenuVC.swift; sourceTree = "<group>"; };
		706879BC25E57B4600A77AEA /* SideBarVC.swift */ = {isa = PBXFileReference; lastKnownFileType = sourcecode.swift; path = SideBarVC.swift; sourceTree = "<group>"; };
		706879BF25E57BCB00A77AEA /* RootTabBarVC.swift */ = {isa = PBXFileReference; lastKnownFileType = sourcecode.swift; path = RootTabBarVC.swift; sourceTree = "<group>"; };
		706879C225E57BFA00A77AEA /* HomeVC.swift */ = {isa = PBXFileReference; lastKnownFileType = sourcecode.swift; path = HomeVC.swift; sourceTree = "<group>"; };
		706879C525E57C0F00A77AEA /* MatchVC.swift */ = {isa = PBXFileReference; lastKnownFileType = sourcecode.swift; path = MatchVC.swift; sourceTree = "<group>"; };
		706879C825E57C2100A77AEA /* MessagesVC.swift */ = {isa = PBXFileReference; lastKnownFileType = sourcecode.swift; path = MessagesVC.swift; sourceTree = "<group>"; };
		706879CB25E57C3600A77AEA /* ProfileVC.swift */ = {isa = PBXFileReference; lastKnownFileType = sourcecode.swift; path = ProfileVC.swift; sourceTree = "<group>"; };
		7075825425E62DCB00F36F60 /* UserAccountAPI.swift */ = {isa = PBXFileReference; lastKnownFileType = sourcecode.swift; path = UserAccountAPI.swift; sourceTree = "<group>"; };
		7075825825E63D1500F36F60 /* LoginRequest.swift */ = {isa = PBXFileReference; lastKnownFileType = sourcecode.swift; path = LoginRequest.swift; sourceTree = "<group>"; };
		7075825B25E63D7C00F36F60 /* LoginResponse.swift */ = {isa = PBXFileReference; lastKnownFileType = sourcecode.swift; path = LoginResponse.swift; sourceTree = "<group>"; };
		707F2F3325E2B52A0020E026 /* HeadLabel.swift */ = {isa = PBXFileReference; lastKnownFileType = sourcecode.swift; path = HeadLabel.swift; sourceTree = "<group>"; };
		70AC07E025E4255B00B6C6DD /* LoginSignupTextField.swift */ = {isa = PBXFileReference; lastKnownFileType = sourcecode.swift; path = LoginSignupTextField.swift; sourceTree = "<group>"; };
		70AFF00925E902BE0043CAFD /* ActivityIndicator.swift */ = {isa = PBXFileReference; lastKnownFileType = sourcecode.swift; path = ActivityIndicator.swift; sourceTree = "<group>"; };
		70C398DF25E763C400BE0BB3 /* LoginPageVM.swift */ = {isa = PBXFileReference; lastKnownFileType = sourcecode.swift; path = LoginPageVM.swift; sourceTree = "<group>"; };
		70C398E225E7648D00BE0BB3 /* SocialLoginButton.swift */ = {isa = PBXFileReference; lastKnownFileType = sourcecode.swift; path = SocialLoginButton.swift; sourceTree = "<group>"; };
		70C398E825E77DBA00BE0BB3 /* LoginRestManager.swift */ = {isa = PBXFileReference; lastKnownFileType = sourcecode.swift; path = LoginRestManager.swift; sourceTree = "<group>"; };
		70C398EE25E77F3600BE0BB3 /* APIError.swift */ = {isa = PBXFileReference; fileEncoding = 4; lastKnownFileType = sourcecode.swift; path = APIError.swift; sourceTree = "<group>"; };
		C30ABB5E39CF527832988919 /* Pods-mentorz-clone-test.release.xcconfig */ = {isa = PBXFileReference; includeInIndex = 1; lastKnownFileType = text.xcconfig; name = "Pods-mentorz-clone-test.release.xcconfig"; path = "Target Support Files/Pods-mentorz-clone-test/Pods-mentorz-clone-test.release.xcconfig"; sourceTree = "<group>"; };
/* End PBXFileReference section */

/* Begin PBXFrameworksBuildPhase section */
		7042639325E122EB007BD4F4 /* Frameworks */ = {
			isa = PBXFrameworksBuildPhase;
			buildActionMask = 2147483647;
			files = (
				1970CC39186745CD2D1427CB /* Pods_mentorz_clone_test.framework in Frameworks */,
			);
			runOnlyForDeploymentPostprocessing = 0;
		};
/* End PBXFrameworksBuildPhase section */

/* Begin PBXGroup section */
		5138555D76221FFB195ED481 /* Pods */ = {
			isa = PBXGroup;
			children = (
				45E21E89A9234DE2E08732AE /* Pods-mentorz-clone-test.debug.xcconfig */,
				C30ABB5E39CF527832988919 /* Pods-mentorz-clone-test.release.xcconfig */,
			);
			path = Pods;
			sourceTree = "<group>";
		};
		58027086FC17D4C2BC9B9833 /* Frameworks */ = {
			isa = PBXGroup;
			children = (
				52AA06192B8E060DC1D44C0D /* Pods_mentorz_clone_test.framework */,
			);
			name = Frameworks;
			sourceTree = "<group>";
		};
		70137A6B25E7D40B008F6DF7 /* login */ = {
			isa = PBXGroup;
			children = (
				7075825825E63D1500F36F60 /* LoginRequest.swift */,
				7075825B25E63D7C00F36F60 /* LoginResponse.swift */,
				70137A6525E7D31B008F6DF7 /* PhoneNumber.swift */,
				70137A6825E7D32A008F6DF7 /* UserDetails.swift */,
			);
			path = login;
			sourceTree = "<group>";
		};
		70137A8425E80623008F6DF7 /* Extras */ = {
			isa = PBXGroup;
			children = (
				70137A8525E8064C008F6DF7 /* MessageAlert.swift */,
				70AFF00925E902BE0043CAFD /* ActivityIndicator.swift */,
			);
			path = Extras;
			sourceTree = "<group>";
		};
		7042638D25E122EB007BD4F4 = {
			isa = PBXGroup;
			children = (
				7042639825E122EB007BD4F4 /* mentorz-clone-test */,
				7042639725E122EB007BD4F4 /* Products */,
				5138555D76221FFB195ED481 /* Pods */,
				58027086FC17D4C2BC9B9833 /* Frameworks */,
			);
			sourceTree = "<group>";
		};
		7042639725E122EB007BD4F4 /* Products */ = {
			isa = PBXGroup;
			children = (
				7042639625E122EB007BD4F4 /* mentorz-clone-test.app */,
			);
			name = Products;
			sourceTree = "<group>";
		};
		7042639825E122EB007BD4F4 /* mentorz-clone-test */ = {
			isa = PBXGroup;
			children = (
				70C398DE25E763A500BE0BB3 /* ViewModel */,
				7075825325E62DB000F36F60 /* Model */,
				7075825225E62DA700F36F60 /* Networking */,
				702AC48F25E168CF004B21B9 /* Assets.xcassets */,
				704263B525E12ABB007BD4F4 /* Extensions */,
				704263BA25E12C2D007BD4F4 /* View */,
				704263AE25E12307007BD4F4 /* mentorz-clone-test.entitlements */,
				7042639925E122EB007BD4F4 /* AppDelegate.swift */,
				7042639B25E122EB007BD4F4 /* SceneDelegate.swift */,
				704263A725E122EC007BD4F4 /* Info.plist */,
			);
			path = "mentorz-clone-test";
			sourceTree = "<group>";
		};
		704263B525E12ABB007BD4F4 /* Extensions */ = {
			isa = PBXGroup;
			children = (
				702AC49625E18ABC004B21B9 /* UIView+Borders.swift */,
				702AC4A525E19A18004B21B9 /* UILabel+Text.swift */,
				702AC4A825E19A54004B21B9 /* UIButton+Tittle.swift */,
			);
			path = Extensions;
			sourceTree = "<group>";
		};
		704263B625E12AE5007BD4F4 /* Storyboards */ = {
			isa = PBXGroup;
			children = (
				7042639F25E122EB007BD4F4 /* Main.storyboard */,
				704263A425E122EC007BD4F4 /* LaunchScreen.storyboard */,
				70137A8825E81CAF008F6DF7 /* Extras.storyboard */,
			);
			path = Storyboards;
			sourceTree = "<group>";
		};
		704263B725E12AF1007BD4F4 /* ViewControllers */ = {
			isa = PBXGroup;
			children = (
				70137A8425E80623008F6DF7 /* Extras */,
				7065785625E6B39D007D6357 /* Profile */,
				7065785525E6B395007D6357 /* Messages */,
				7065785425E6B38E007D6357 /* Match */,
				7065785325E6B388007D6357 /* Home */,
				7065785225E6B372007D6357 /* Root */,
				7065785025E6B2EE007D6357 /* LoginSignup */,
			);
			path = ViewControllers;
			sourceTree = "<group>";
		};
		704263B825E12B0F007BD4F4 /* Controller */ = {
			isa = PBXGroup;
			children = (
				704263B925E12B1A007BD4F4 /* UIControllers */,
			);
			path = Controller;
			sourceTree = "<group>";
		};
		704263B925E12B1A007BD4F4 /* UIControllers */ = {
			isa = PBXGroup;
			children = (
				7065784E25E6B27C007D6357 /* Buttons */,
				702AC4AE25E19FF3004B21B9 /* BottomSwitchLabel.swift */,
				702AC4B125E1A00A004B21B9 /* BottomLinkLabel.swift */,
				707F2F3325E2B52A0020E026 /* HeadLabel.swift */,
				70635D9825E3E07F002A723A /* loginSignupLogo.swift */,
				70AC07E025E4255B00B6C6DD /* LoginSignupTextField.swift */,
			);
			path = UIControllers;
			sourceTree = "<group>";
		};
		704263BA25E12C2D007BD4F4 /* View */ = {
			isa = PBXGroup;
			children = (
				7065785125E6B33A007D6357 /* Xibs */,
				704263B825E12B0F007BD4F4 /* Controller */,
				704263B725E12AF1007BD4F4 /* ViewControllers */,
				704263B625E12AE5007BD4F4 /* Storyboards */,
			);
			path = View;
			sourceTree = "<group>";
		};
		7065784E25E6B27C007D6357 /* Buttons */ = {
			isa = PBXGroup;
			children = (
				706879B625E50D4000A77AEA /* BackButton.swift */,
				702AC4AB25E19FD5004B21B9 /* BottomSwitchButton.swift */,
				702AC49225E17F7A004B21B9 /* ButtonView.swift */,
				702AC4B425E1A01E004B21B9 /* BottomLinkButton.swift */,
				70C398E225E7648D00BE0BB3 /* SocialLoginButton.swift */,
			);
			path = Buttons;
			sourceTree = "<group>";
		};
		7065785025E6B2EE007D6357 /* LoginSignup */ = {
			isa = PBXGroup;
			children = (
				7042639D25E122EB007BD4F4 /* SplashViewController.swift */,
				706879B325E4DF7A00A77AEA /* ForgotPasswordVC.swift */,
				70635D9525E3D5D6002A723A /* SignupPageVC.swift */,
				70635D5325E3772B002A723A /* TopLabelCollectionCell.swift */,
				70635D9225E3D5C3002A723A /* LoginPageVC.swift */,
				70635D5825E37747002A723A /* BottomLabelCollectionCell.swift */,
			);
			path = LoginSignup;
			sourceTree = "<group>";
		};
		7065785125E6B33A007D6357 /* Xibs */ = {
			isa = PBXGroup;
			children = (
				70635D5425E3772B002A723A /* TopLabelCollectionCell.xib */,
				70635D5925E37747002A723A /* BottomLabelCollectionCell.xib */,
			);
			path = Xibs;
			sourceTree = "<group>";
		};
		7065785225E6B372007D6357 /* Root */ = {
			isa = PBXGroup;
			children = (
				706879B925E56FE300A77AEA /* SideBarMenuVC.swift */,
				706879BC25E57B4600A77AEA /* SideBarVC.swift */,
				706879BF25E57BCB00A77AEA /* RootTabBarVC.swift */,
			);
			path = Root;
			sourceTree = "<group>";
		};
		7065785325E6B388007D6357 /* Home */ = {
			isa = PBXGroup;
			children = (
				706879C225E57BFA00A77AEA /* HomeVC.swift */,
			);
			path = Home;
			sourceTree = "<group>";
		};
		7065785425E6B38E007D6357 /* Match */ = {
			isa = PBXGroup;
			children = (
				706879C525E57C0F00A77AEA /* MatchVC.swift */,
			);
			path = Match;
			sourceTree = "<group>";
		};
		7065785525E6B395007D6357 /* Messages */ = {
			isa = PBXGroup;
			children = (
				706879C825E57C2100A77AEA /* MessagesVC.swift */,
			);
			path = Messages;
			sourceTree = "<group>";
		};
		7065785625E6B39D007D6357 /* Profile */ = {
			isa = PBXGroup;
			children = (
				706879CB25E57C3600A77AEA /* ProfileVC.swift */,
			);
			path = Profile;
			sourceTree = "<group>";
		};
		7075825225E62DA700F36F60 /* Networking */ = {
			isa = PBXGroup;
			children = (
				7075826525E67C8200F36F60 /* RESTManager */,
			);
			path = Networking;
			sourceTree = "<group>";
		};
		7075825325E62DB000F36F60 /* Model */ = {
			isa = PBXGroup;
			children = (
				70137A6B25E7D40B008F6DF7 /* login */,
			);
			path = Model;
			sourceTree = "<group>";
		};
		7075826525E67C8200F36F60 /* RESTManager */ = {
			isa = PBXGroup;
			children = (
				70C398EE25E77F3600BE0BB3 /* APIError.swift */,
				70C398E725E77DA500BE0BB3 /* Login */,
				7075826625E67CA000F36F60 /* APIProviders */,
			);
			path = RESTManager;
			sourceTree = "<group>";
		};
		7075826625E67CA000F36F60 /* APIProviders */ = {
			isa = PBXGroup;
			children = (
				7075825425E62DCB00F36F60 /* UserAccountAPI.swift */,
			);
			path = APIProviders;
			sourceTree = "<group>";
		};
		70C398DE25E763A500BE0BB3 /* ViewModel */ = {
			isa = PBXGroup;
			children = (
				70C398DF25E763C400BE0BB3 /* LoginPageVM.swift */,
			);
			path = ViewModel;
			sourceTree = "<group>";
		};
		70C398E725E77DA500BE0BB3 /* Login */ = {
			isa = PBXGroup;
			children = (
				70C398E825E77DBA00BE0BB3 /* LoginRestManager.swift */,
			);
			path = Login;
			sourceTree = "<group>";
		};
/* End PBXGroup section */

/* Begin PBXNativeTarget section */
		7042639525E122EB007BD4F4 /* mentorz-clone-test */ = {
			isa = PBXNativeTarget;
			buildConfigurationList = 704263AA25E122EC007BD4F4 /* Build configuration list for PBXNativeTarget "mentorz-clone-test" */;
			buildPhases = (
				021AB595315717B7E1514AC6 /* [CP] Check Pods Manifest.lock */,
				7042639225E122EB007BD4F4 /* Sources */,
				7042639325E122EB007BD4F4 /* Frameworks */,
				7042639425E122EB007BD4F4 /* Resources */,
				FDACEE194E13F41AEFC6DC04 /* [CP] Embed Pods Frameworks */,
			);
			buildRules = (
			);
			dependencies = (
			);
			name = "mentorz-clone-test";
			productName = "mentorz-clone-test";
			productReference = 7042639625E122EB007BD4F4 /* mentorz-clone-test.app */;
			productType = "com.apple.product-type.application";
		};
/* End PBXNativeTarget section */

/* Begin PBXProject section */
		7042638E25E122EB007BD4F4 /* Project object */ = {
			isa = PBXProject;
			attributes = {
				LastSwiftUpdateCheck = 1240;
				LastUpgradeCheck = 1240;
				TargetAttributes = {
					7042639525E122EB007BD4F4 = {
						CreatedOnToolsVersion = 12.4;
					};
				};
			};
			buildConfigurationList = 7042639125E122EB007BD4F4 /* Build configuration list for PBXProject "mentorz-clone-test" */;
			compatibilityVersion = "Xcode 9.3";
			developmentRegion = en;
			hasScannedForEncodings = 0;
			knownRegions = (
				en,
				Base,
			);
			mainGroup = 7042638D25E122EB007BD4F4;
			productRefGroup = 7042639725E122EB007BD4F4 /* Products */;
			projectDirPath = "";
			projectRoot = "";
			targets = (
				7042639525E122EB007BD4F4 /* mentorz-clone-test */,
			);
		};
/* End PBXProject section */

/* Begin PBXResourcesBuildPhase section */
		7042639425E122EB007BD4F4 /* Resources */ = {
			isa = PBXResourcesBuildPhase;
			buildActionMask = 2147483647;
			files = (
				704263A625E122EC007BD4F4 /* LaunchScreen.storyboard in Resources */,
				70635D5B25E37747002A723A /* BottomLabelCollectionCell.xib in Resources */,
				702AC49025E168CF004B21B9 /* Assets.xcassets in Resources */,
				70635D5625E3772B002A723A /* TopLabelCollectionCell.xib in Resources */,
				704263A125E122EB007BD4F4 /* Main.storyboard in Resources */,
				70137A8925E81CAF008F6DF7 /* Extras.storyboard in Resources */,
			);
			runOnlyForDeploymentPostprocessing = 0;
		};
/* End PBXResourcesBuildPhase section */

/* Begin PBXShellScriptBuildPhase section */
		021AB595315717B7E1514AC6 /* [CP] Check Pods Manifest.lock */ = {
			isa = PBXShellScriptBuildPhase;
			buildActionMask = 2147483647;
			files = (
			);
			inputFileListPaths = (
			);
			inputPaths = (
				"${PODS_PODFILE_DIR_PATH}/Podfile.lock",
				"${PODS_ROOT}/Manifest.lock",
			);
			name = "[CP] Check Pods Manifest.lock";
			outputFileListPaths = (
			);
			outputPaths = (
				"$(DERIVED_FILE_DIR)/Pods-mentorz-clone-test-checkManifestLockResult.txt",
			);
			runOnlyForDeploymentPostprocessing = 0;
			shellPath = /bin/sh;
			shellScript = "diff \"${PODS_PODFILE_DIR_PATH}/Podfile.lock\" \"${PODS_ROOT}/Manifest.lock\" > /dev/null\nif [ $? != 0 ] ; then\n    # print error to STDERR\n    echo \"error: The sandbox is not in sync with the Podfile.lock. Run 'pod install' or update your CocoaPods installation.\" >&2\n    exit 1\nfi\n# This output is used by Xcode 'outputs' to avoid re-running this script phase.\necho \"SUCCESS\" > \"${SCRIPT_OUTPUT_FILE_0}\"\n";
			showEnvVarsInLog = 0;
		};
		FDACEE194E13F41AEFC6DC04 /* [CP] Embed Pods Frameworks */ = {
			isa = PBXShellScriptBuildPhase;
			buildActionMask = 2147483647;
			files = (
			);
			inputFileListPaths = (
				"${PODS_ROOT}/Target Support Files/Pods-mentorz-clone-test/Pods-mentorz-clone-test-frameworks-${CONFIGURATION}-input-files.xcfilelist",
			);
			name = "[CP] Embed Pods Frameworks";
			outputFileListPaths = (
				"${PODS_ROOT}/Target Support Files/Pods-mentorz-clone-test/Pods-mentorz-clone-test-frameworks-${CONFIGURATION}-output-files.xcfilelist",
			);
			runOnlyForDeploymentPostprocessing = 0;
			shellPath = /bin/sh;
			shellScript = "\"${PODS_ROOT}/Target Support Files/Pods-mentorz-clone-test/Pods-mentorz-clone-test-frameworks.sh\"\n";
			showEnvVarsInLog = 0;
		};
/* End PBXShellScriptBuildPhase section */

/* Begin PBXSourcesBuildPhase section */
		7042639225E122EB007BD4F4 /* Sources */ = {
			isa = PBXSourcesBuildPhase;
			buildActionMask = 2147483647;
			files = (
				706879C025E57BCB00A77AEA /* RootTabBarVC.swift in Sources */,
				70137A8625E8064C008F6DF7 /* MessageAlert.swift in Sources */,
				70AFF00A25E902BE0043CAFD /* ActivityIndicator.swift in Sources */,
				706879C325E57BFA00A77AEA /* HomeVC.swift in Sources */,
				702AC4B525E1A01E004B21B9 /* BottomLinkButton.swift in Sources */,
				70137A6925E7D32A008F6DF7 /* UserDetails.swift in Sources */,
				70AC07E125E4255B00B6C6DD /* LoginSignupTextField.swift in Sources */,
				7042639E25E122EB007BD4F4 /* SplashViewController.swift in Sources */,
				70635D5525E3772B002A723A /* TopLabelCollectionCell.swift in Sources */,
				702AC4AF25E19FF3004B21B9 /* BottomSwitchLabel.swift in Sources */,
				706879BA25E56FE300A77AEA /* SideBarMenuVC.swift in Sources */,
				706879B425E4DF7A00A77AEA /* ForgotPasswordVC.swift in Sources */,
				70635D9625E3D5D6002A723A /* SignupPageVC.swift in Sources */,
				706879B725E50D4000A77AEA /* BackButton.swift in Sources */,
				702AC4A925E19A54004B21B9 /* UIButton+Tittle.swift in Sources */,
				7042639A25E122EB007BD4F4 /* AppDelegate.swift in Sources */,
				70635D9325E3D5C3002A723A /* LoginPageVC.swift in Sources */,
				707F2F3425E2B52A0020E026 /* HeadLabel.swift in Sources */,
				70C398E025E763C400BE0BB3 /* LoginPageVM.swift in Sources */,
				702AC4A625E19A18004B21B9 /* UILabel+Text.swift in Sources */,
				706879C925E57C2100A77AEA /* MessagesVC.swift in Sources */,
				70C398E325E7648D00BE0BB3 /* SocialLoginButton.swift in Sources */,
				70C398FC25E77F3600BE0BB3 /* APIError.swift in Sources */,
				702AC49325E17F7A004B21B9 /* ButtonView.swift in Sources */,
				70137A6625E7D31B008F6DF7 /* PhoneNumber.swift in Sources */,
				7042639C25E122EB007BD4F4 /* SceneDelegate.swift in Sources */,
				7075825925E63D1500F36F60 /* LoginRequest.swift in Sources */,
				702AC49725E18ABC004B21B9 /* UIView+Borders.swift in Sources */,
				7075825525E62DCB00F36F60 /* UserAccountAPI.swift in Sources */,
				70C398E925E77DBA00BE0BB3 /* LoginRestManager.swift in Sources */,
				702AC4B225E1A00A004B21B9 /* BottomLinkLabel.swift in Sources */,
				706879BD25E57B4600A77AEA /* SideBarVC.swift in Sources */,
				706879CC25E57C3600A77AEA /* ProfileVC.swift in Sources */,
				702AC4AC25E19FD5004B21B9 /* BottomSwitchButton.swift in Sources */,
				706879C625E57C0F00A77AEA /* MatchVC.swift in Sources */,
				70635D9925E3E07F002A723A /* loginSignupLogo.swift in Sources */,
				7075825C25E63D7C00F36F60 /* LoginResponse.swift in Sources */,
				70635D5A25E37747002A723A /* BottomLabelCollectionCell.swift in Sources */,
			);
			runOnlyForDeploymentPostprocessing = 0;
		};
/* End PBXSourcesBuildPhase section */

/* Begin PBXVariantGroup section */
		7042639F25E122EB007BD4F4 /* Main.storyboard */ = {
			isa = PBXVariantGroup;
			children = (
				704263A025E122EB007BD4F4 /* Base */,
			);
			name = Main.storyboard;
			sourceTree = "<group>";
		};
		704263A425E122EC007BD4F4 /* LaunchScreen.storyboard */ = {
			isa = PBXVariantGroup;
			children = (
				704263A525E122EC007BD4F4 /* Base */,
			);
			name = LaunchScreen.storyboard;
			sourceTree = "<group>";
		};
/* End PBXVariantGroup section */

/* Begin XCBuildConfiguration section */
		704263A825E122EC007BD4F4 /* Debug */ = {
			isa = XCBuildConfiguration;
			buildSettings = {
				ALWAYS_SEARCH_USER_PATHS = NO;
				CLANG_ANALYZER_NONNULL = YES;
				CLANG_ANALYZER_NUMBER_OBJECT_CONVERSION = YES_AGGRESSIVE;
				CLANG_CXX_LANGUAGE_STANDARD = "gnu++14";
				CLANG_CXX_LIBRARY = "libc++";
				CLANG_ENABLE_MODULES = YES;
				CLANG_ENABLE_OBJC_ARC = YES;
				CLANG_ENABLE_OBJC_WEAK = YES;
				CLANG_WARN_BLOCK_CAPTURE_AUTORELEASING = YES;
				CLANG_WARN_BOOL_CONVERSION = YES;
				CLANG_WARN_COMMA = YES;
				CLANG_WARN_CONSTANT_CONVERSION = YES;
				CLANG_WARN_DEPRECATED_OBJC_IMPLEMENTATIONS = YES;
				CLANG_WARN_DIRECT_OBJC_ISA_USAGE = YES_ERROR;
				CLANG_WARN_DOCUMENTATION_COMMENTS = YES;
				CLANG_WARN_EMPTY_BODY = YES;
				CLANG_WARN_ENUM_CONVERSION = YES;
				CLANG_WARN_INFINITE_RECURSION = YES;
				CLANG_WARN_INT_CONVERSION = YES;
				CLANG_WARN_NON_LITERAL_NULL_CONVERSION = YES;
				CLANG_WARN_OBJC_IMPLICIT_RETAIN_SELF = YES;
				CLANG_WARN_OBJC_LITERAL_CONVERSION = YES;
				CLANG_WARN_OBJC_ROOT_CLASS = YES_ERROR;
				CLANG_WARN_QUOTED_INCLUDE_IN_FRAMEWORK_HEADER = YES;
				CLANG_WARN_RANGE_LOOP_ANALYSIS = YES;
				CLANG_WARN_STRICT_PROTOTYPES = YES;
				CLANG_WARN_SUSPICIOUS_MOVE = YES;
				CLANG_WARN_UNGUARDED_AVAILABILITY = YES_AGGRESSIVE;
				CLANG_WARN_UNREACHABLE_CODE = YES;
				CLANG_WARN__DUPLICATE_METHOD_MATCH = YES;
				COPY_PHASE_STRIP = NO;
				DEBUG_INFORMATION_FORMAT = dwarf;
				ENABLE_STRICT_OBJC_MSGSEND = YES;
				ENABLE_TESTABILITY = YES;
				GCC_C_LANGUAGE_STANDARD = gnu11;
				GCC_DYNAMIC_NO_PIC = NO;
				GCC_NO_COMMON_BLOCKS = YES;
				GCC_OPTIMIZATION_LEVEL = 0;
				GCC_PREPROCESSOR_DEFINITIONS = (
					"DEBUG=1",
					"$(inherited)",
				);
				GCC_WARN_64_TO_32_BIT_CONVERSION = YES;
				GCC_WARN_ABOUT_RETURN_TYPE = YES_ERROR;
				GCC_WARN_UNDECLARED_SELECTOR = YES;
				GCC_WARN_UNINITIALIZED_AUTOS = YES_AGGRESSIVE;
				GCC_WARN_UNUSED_FUNCTION = YES;
				GCC_WARN_UNUSED_VARIABLE = YES;
				IPHONEOS_DEPLOYMENT_TARGET = 14.4;
				MTL_ENABLE_DEBUG_INFO = INCLUDE_SOURCE;
				MTL_FAST_MATH = YES;
				ONLY_ACTIVE_ARCH = YES;
				SDKROOT = iphoneos;
				SWIFT_ACTIVE_COMPILATION_CONDITIONS = DEBUG;
				SWIFT_OPTIMIZATION_LEVEL = "-Onone";
			};
			name = Debug;
		};
		704263A925E122EC007BD4F4 /* Release */ = {
			isa = XCBuildConfiguration;
			buildSettings = {
				ALWAYS_SEARCH_USER_PATHS = NO;
				CLANG_ANALYZER_NONNULL = YES;
				CLANG_ANALYZER_NUMBER_OBJECT_CONVERSION = YES_AGGRESSIVE;
				CLANG_CXX_LANGUAGE_STANDARD = "gnu++14";
				CLANG_CXX_LIBRARY = "libc++";
				CLANG_ENABLE_MODULES = YES;
				CLANG_ENABLE_OBJC_ARC = YES;
				CLANG_ENABLE_OBJC_WEAK = YES;
				CLANG_WARN_BLOCK_CAPTURE_AUTORELEASING = YES;
				CLANG_WARN_BOOL_CONVERSION = YES;
				CLANG_WARN_COMMA = YES;
				CLANG_WARN_CONSTANT_CONVERSION = YES;
				CLANG_WARN_DEPRECATED_OBJC_IMPLEMENTATIONS = YES;
				CLANG_WARN_DIRECT_OBJC_ISA_USAGE = YES_ERROR;
				CLANG_WARN_DOCUMENTATION_COMMENTS = YES;
				CLANG_WARN_EMPTY_BODY = YES;
				CLANG_WARN_ENUM_CONVERSION = YES;
				CLANG_WARN_INFINITE_RECURSION = YES;
				CLANG_WARN_INT_CONVERSION = YES;
				CLANG_WARN_NON_LITERAL_NULL_CONVERSION = YES;
				CLANG_WARN_OBJC_IMPLICIT_RETAIN_SELF = YES;
				CLANG_WARN_OBJC_LITERAL_CONVERSION = YES;
				CLANG_WARN_OBJC_ROOT_CLASS = YES_ERROR;
				CLANG_WARN_QUOTED_INCLUDE_IN_FRAMEWORK_HEADER = YES;
				CLANG_WARN_RANGE_LOOP_ANALYSIS = YES;
				CLANG_WARN_STRICT_PROTOTYPES = YES;
				CLANG_WARN_SUSPICIOUS_MOVE = YES;
				CLANG_WARN_UNGUARDED_AVAILABILITY = YES_AGGRESSIVE;
				CLANG_WARN_UNREACHABLE_CODE = YES;
				CLANG_WARN__DUPLICATE_METHOD_MATCH = YES;
				COPY_PHASE_STRIP = NO;
				DEBUG_INFORMATION_FORMAT = "dwarf-with-dsym";
				ENABLE_NS_ASSERTIONS = NO;
				ENABLE_STRICT_OBJC_MSGSEND = YES;
				GCC_C_LANGUAGE_STANDARD = gnu11;
				GCC_NO_COMMON_BLOCKS = YES;
				GCC_WARN_64_TO_32_BIT_CONVERSION = YES;
				GCC_WARN_ABOUT_RETURN_TYPE = YES_ERROR;
				GCC_WARN_UNDECLARED_SELECTOR = YES;
				GCC_WARN_UNINITIALIZED_AUTOS = YES_AGGRESSIVE;
				GCC_WARN_UNUSED_FUNCTION = YES;
				GCC_WARN_UNUSED_VARIABLE = YES;
				IPHONEOS_DEPLOYMENT_TARGET = 14.4;
				MTL_ENABLE_DEBUG_INFO = NO;
				MTL_FAST_MATH = YES;
				SDKROOT = iphoneos;
				SWIFT_COMPILATION_MODE = wholemodule;
				SWIFT_OPTIMIZATION_LEVEL = "-O";
				VALIDATE_PRODUCT = YES;
			};
			name = Release;
		};
		704263AB25E122EC007BD4F4 /* Debug */ = {
			isa = XCBuildConfiguration;
			baseConfigurationReference = 45E21E89A9234DE2E08732AE /* Pods-mentorz-clone-test.debug.xcconfig */;
			buildSettings = {
				ASSETCATALOG_COMPILER_APPICON_NAME = AppIcon;
				ASSETCATALOG_COMPILER_GLOBAL_ACCENT_COLOR_NAME = AccentColor;
				CODE_SIGN_ENTITLEMENTS = "mentorz-clone-test/mentorz-clone-test.entitlements";
				"CODE_SIGN_IDENTITY[sdk=macosx*]" = "-";
				CODE_SIGN_STYLE = Automatic;
				INFOPLIST_FILE = "mentorz-clone-test/Info.plist";
				LD_RUNPATH_SEARCH_PATHS = (
					"$(inherited)",
					"@executable_path/Frameworks",
				);
				PRODUCT_BUNDLE_IDENTIFIER = "com.sandeep.mentorz-clone-test";
				PRODUCT_NAME = "$(TARGET_NAME)";
				SUPPORTS_MACCATALYST = YES;
				SWIFT_VERSION = 5.0;
				TARGETED_DEVICE_FAMILY = "1,2";
			};
			name = Debug;
		};
		704263AC25E122EC007BD4F4 /* Release */ = {
			isa = XCBuildConfiguration;
			baseConfigurationReference = C30ABB5E39CF527832988919 /* Pods-mentorz-clone-test.release.xcconfig */;
			buildSettings = {
				ASSETCATALOG_COMPILER_APPICON_NAME = AppIcon;
				ASSETCATALOG_COMPILER_GLOBAL_ACCENT_COLOR_NAME = AccentColor;
				CODE_SIGN_ENTITLEMENTS = "mentorz-clone-test/mentorz-clone-test.entitlements";
				"CODE_SIGN_IDENTITY[sdk=macosx*]" = "-";
				CODE_SIGN_STYLE = Automatic;
				INFOPLIST_FILE = "mentorz-clone-test/Info.plist";
				LD_RUNPATH_SEARCH_PATHS = (
					"$(inherited)",
					"@executable_path/Frameworks",
				);
				PRODUCT_BUNDLE_IDENTIFIER = "com.sandeep.mentorz-clone-test";
				PRODUCT_NAME = "$(TARGET_NAME)";
				SUPPORTS_MACCATALYST = YES;
				SWIFT_VERSION = 5.0;
				TARGETED_DEVICE_FAMILY = "1,2";
			};
			name = Release;
		};
/* End XCBuildConfiguration section */

/* Begin XCConfigurationList section */
		7042639125E122EB007BD4F4 /* Build configuration list for PBXProject "mentorz-clone-test" */ = {
			isa = XCConfigurationList;
			buildConfigurations = (
				704263A825E122EC007BD4F4 /* Debug */,
				704263A925E122EC007BD4F4 /* Release */,
			);
			defaultConfigurationIsVisible = 0;
			defaultConfigurationName = Release;
		};
		704263AA25E122EC007BD4F4 /* Build configuration list for PBXNativeTarget "mentorz-clone-test" */ = {
			isa = XCConfigurationList;
			buildConfigurations = (
				704263AB25E122EC007BD4F4 /* Debug */,
				704263AC25E122EC007BD4F4 /* Release */,
			);
			defaultConfigurationIsVisible = 0;
			defaultConfigurationName = Release;
		};
/* End XCConfigurationList section */
	};
	rootObject = 7042638E25E122EB007BD4F4 /* Project object */;
}
